
Microsoft Visual Studio Solution File, Format Version 12.00
# Visual Studio Version 17
VisualStudioVersion = 17.9.34723.18
MinimumVisualStudioVersion = 10.0.40219.1
Project("{9A19103F-16F7-4668-BE54-9A1E7A4F7556}") = "Chapitre1", "Chapitre1\Chapitre1.csproj", "{8D0BC028-4BE4-4D0E-AB61-6C493A0B04E4}"
EndProject
Project("{9A19103F-16F7-4668-BE54-9A1E7A4F7556}") = "Chapitre_2", "Chapitre_2\Chapitre_2.csproj", "{66EBBD3B-85A2-45AC-A0FC-9082F58EEE7C}"
EndProject
Project("{FAE04EC0-301F-11D3-BF4B-00C04F79EFBC}") = "Chapitre3", "Chapitre3\Chapitre3.csproj", "{D6548D4C-2F89-49EA-8068-3425B5A0CBF8}"
EndProject
Global
	GlobalSection(SolutionConfigurationPlatforms) = preSolution
		Debug|Any CPU = Debug|Any CPU
		Release|Any CPU = Release|Any CPU
	EndGlobalSection
	GlobalSection(ProjectConfigurationPlatforms) = postSolution
		{8D0BC028-4BE4-4D0E-AB61-6C493A0B04E4}.Debug|Any CPU.ActiveCfg = Debug|Any CPU
		{8D0BC028-4BE4-4D0E-AB61-6C493A0B04E4}.Debug|Any CPU.Build.0 = Debug|Any CPU
		{8D0BC028-4BE4-4D0E-AB61-6C493A0B04E4}.Release|Any CPU.ActiveCfg = Release|Any CPU
		{8D0BC028-4BE4-4D0E-AB61-6C493A0B04E4}.Release|Any CPU.Build.0 = Release|Any CPU
		{66EBBD3B-85A2-45AC-A0FC-9082F58EEE7C}.Debug|Any CPU.ActiveCfg = Debug|Any CPU
		{66EBBD3B-85A2-45AC-A0FC-9082F58EEE7C}.Debug|Any CPU.Build.0 = Debug|Any CPU
		{66EBBD3B-85A2-45AC-A0FC-9082F58EEE7C}.Release|Any CPU.ActiveCfg = Release|Any CPU
		{66EBBD3B-85A2-45AC-A0FC-9082F58EEE7C}.Release|Any CPU.Build.0 = Release|Any CPU
		{D6548D4C-2F89-49EA-8068-3425B5A0CBF8}.Debug|Any CPU.ActiveCfg = Debug|Any CPU
		{D6548D4C-2F89-49EA-8068-3425B5A0CBF8}.Debug|Any CPU.Build.0 = Debug|Any CPU
		{D6548D4C-2F89-49EA-8068-3425B5A0CBF8}.Release|Any CPU.ActiveCfg = Release|Any CPU
		{D6548D4C-2F89-49EA-8068-3425B5A0CBF8}.Release|Any CPU.Build.0 = Release|Any CPU
	EndGlobalSection
	GlobalSection(SolutionProperties) = preSolution
		HideSolutionNode = FALSE
	EndGlobalSection
	GlobalSection(ExtensibilityGlobals) = postSolution
		SolutionGuid = {C3F90848-38BD-47C7-A3B9-840E9FBA3703}
	EndGlobalSection
EndGlobal
